
Microsoft Visual Studio Solution File, Format Version 12.00
# Visual Studio 15
VisualStudioVersion = 15.0.28307.329
MinimumVisualStudioVersion = 10.0.40219.1
Project("{FAE04EC0-301F-11D3-BF4B-00C04F79EFBC}") = "DataRelationPractice", "DataRelationPractice\DataRelationPractice.csproj", "{9353DD7C-3F85-45C6-B31D-6DD06DF1F793}"
EndProject
Global
	GlobalSection(SolutionConfigurationPlatforms) = preSolution
		Debug|Any CPU = Debug|Any CPU
		Release|Any CPU = Release|Any CPU
	EndGlobalSection
	GlobalSection(ProjectConfigurationPlatforms) = postSolution
		{9353DD7C-3F85-45C6-B31D-6DD06DF1F793}.Debug|Any CPU.ActiveCfg = Debug|Any CPU
		{9353DD7C-3F85-45C6-B31D-6DD06DF1F793}.Debug|Any CPU.Build.0 = Debug|Any CPU
		{9353DD7C-3F85-45C6-B31D-6DD06DF1F793}.Release|Any CPU.ActiveCfg = Release|Any CPU
		{9353DD7C-3F85-45C6-B31D-6DD06DF1F793}.Release|Any CPU.Build.0 = Release|Any CPU
	EndGlobalSection
	GlobalSection(SolutionProperties) = preSolution
		HideSolutionNode = FALSE
	EndGlobalSection
	GlobalSection(ExtensibilityGlobals) = postSolution
		SolutionGuid = {ED9465EE-3270-40D0-9935-29E2F51FE8F5}
	EndGlobalSection
EndGlobal
